[[package]]
category = "main"
description = "NumPy is the fundamental package for array computing with Python."
name = "numpy"
optional = false
python-versions = ">=3.5"
version = "1.20.2"

[[package]]
category = "main"
description = "A zero-boilerplate 2D games framework"
name = "pgzero"
optional = false
python-versions = "*"
version = "1.2.1"

[package.dependencies]
numpy = "*"
pygame = ">=2.0.1"

[[package]]
category = "main"
description = "Python Game Development"
name = "pygame"
optional = false
python-versions = "*"
version = "2.0.1"

[metadata]
content-hash = "35b6b0cd19f95bcb469b0e6643e5de6bfe215d1cdcfff3b74ab51dde992997d6"
python-versions = "^3.8"

[metadata.hashes]
numpy = ["0aa2b318cf81eb1693fcfcbb8007e95e231d7e1aa24288137f3b19905736c3ee", "163c78c04f47f26ca1b21068cea25ed7c5ecafe5f5ab2ea4895656a750582b56", "1e37626bcb8895c4b3873fcfd54e9bfc5ffec8d0f525651d6985fcc5c6b6003c", "264fd15590b3f02a1fbc095e7e1f37cdac698ff3829e12ffdcffdce3772f9d44", "3d9e1554cd9b5999070c467b18e5ae3ebd7369f02706a8850816f576a954295f", "40c24960cd5cec55222963f255858a1c47c6fa50a65a5b03fd7de75e3700eaaa", "46f404314dbec78cb342904f9596f25f9b16e7cf304030f1339e553c8e77f51c", "4847f0c993298b82fad809ea2916d857d0073dc17b0510fbbced663b3265929d", "48e15612a8357393d176638c8f68a19273676877caea983f8baf188bad430379", "6725d2797c65598778409aba8cd67077bb089d5b7d3d87c2719b206dc84ec05e", "99f0ba97e369f02a21bb95faa3a0de55991fd5f0ece2e30a9e2eaebeac238921", "a41f303b3f9157a31ce7203e3ca757a0c40c96669e72d9b6ee1bce8507638970", "a4305564e93f5c4584f6758149fd446df39fd1e0a8c89ca0deb3cce56106a027", "a551d8cc267c634774830086da42e4ba157fa41dd3b93982bc9501b284b0c689", "a6bc9432c2640b008d5f29bad737714eb3e14bb8854878eacf3d7955c4e91c36", "c60175d011a2e551a2f74c84e21e7c982489b96b6a5e4b030ecdeacf2914da68", "e46e2384209c91996d5ec16744234d1c906ab79a701ce1a26155c9ec890b8dc8", "e607b8cdc2ae5d5a63cd1bec30a15b5ed583ac6a39f04b7ba0f03fcfbf29c05b", "e94a39d5c40fffe7696009dbd11bc14a349b377e03a384ed011e03d698787dd3", "eb2286249ebfe8fcb5b425e5ec77e4736d53ee56d3ad296f8947f67150f495e3", "fdee7540d12519865b423af411bd60ddb513d2eb2cd921149b732854995bbf8b"]
pgzero = ["91e641d545c6235a24719dea0fd83c8429e92a8b5ab1756bef145128e8db9017", "f90d1e61cb6945ad55bd1cb2a4a13ca6f1a3850a31c173dce3a739df9b024b8f"]
pygame = ["0480fe82cd41a43e3eea497fa2c059c72ac54cb5d003d5aa2ed06a04541c384e", "136a3b5711d9ec369a0407e4e08ffced3ba61aa41059e9280ffffa79c8614f65", "2622b9dd95f445c887a36a57eade42c672598589f69a8052ccdb8eeeffa4dbb1", "301c6428c0880ecd4a9e3951b80e539c33863b6ff356a443db1758de4f297957", "396320aa29a925feed0b64639f77ce1418722ea7f536b4e4936083dd8d4c4535", "398c42b605ecc514e62f68f1944a2d21e247938309f598de6cb0ad3c207324a8", "4aaff572a273a32e70ec3593d213e59ab11c183a9916616562247930f17a5447", "4e1065577f1b29111113be5deb2ea88553551a5e1cf33e0c08fa32768f285809", "5f052dc2975a399aa1830c1f04c5f72856aa416bf3cd4b31375a058015a5c620", "68ea43e51150316b9fb08e251209d4e2b4e76a340b5b6fc8cdf1a898c78f7e5b", "698433a9fcefca0527244dc44dff9503eb26157494730b1cc80e6e4dbb246e92", "6f714986f7987f10cb94f1be0753318e341a7ea6b12d66f37a4d5d6dd4695023", "73cd9df328c7e72638dbcc1d18e7155225faed880a53db6bad90d1d7c0a71dfd", "7876d1f29f66d3d7cac46479503891ee1ef409b0fbce54b0d74f3a6b33a46dba", "854e87b8b2b76e3ed11d64985fcfdd7af919659503de99fc2b0a717b314c3cf0", "8da13704ad45b7d5de8a8cca135a7f44c7fc6aa9f691abe7b0392468a34a8013", "9ce22fb72298ea33dbb3a1c6c60a4a4e19d9698df6f3f5782eba4dada7b7736d", "a37b6c59e7b8feadc51db5197052b86ceb6443f9fb2a6f7d6527620e707c558c", "a6e8d2f99dbe1dfe72d0c019693c14d93c410f702d0b04ec9a81b36dacd55a23", "a9ac862dd7159861f2c6443b0029089e1c0c4ec762a8074022914ec52fe4dfac", "ae1bc3e78ed28f20878e7ca2c98663a6634e9c00d7746d39413fc18e907dc162", "be7e70f91bd4eb35ae081062f16bf434619b3292358d9b061f8159ddc570c7f0", "c895cf9c1b6d1cbba8cb8cc3f5427febcf8aa41a9333697741abeea1c537a350", "e3e7e4a09dfd8b03663222d6bcadec9fef021404f4d9eecf56825342e039dfc1", "f1f5714d2c23f6a64ef2ac4fcd36a2dd2689da85978d951a99a6ae5dfdf9bdbc", "fa788f775680fc5d268ab00a2da29c9a22830032cfab732730298a2952cd87f3"]
